
Microsoft Visual Studio Solution File, Format Version 12.00
# Visual Studio Version 17
VisualStudioVersion = 17.3.32929.385
MinimumVisualStudioVersion = 10.0.40219.1
Project("{FAE04EC0-301F-11D3-BF4B-00C04F79EFBC}") = "BillAPI", "BillAPI\BillAPI.csproj", "{5996E959-7D04-4D05-8B31-A604FE4522D1}"
EndProject
Global
	GlobalSection(SolutionConfigurationPlatforms) = preSolution
		Debug|Any CPU = Debug|Any CPU
		Release|Any CPU = Release|Any CPU
	EndGlobalSection
	GlobalSection(ProjectConfigurationPlatforms) = postSolution
		{5996E959-7D04-4D05-8B31-A604FE4522D1}.Debug|Any CPU.ActiveCfg = Debug|Any CPU
		{5996E959-7D04-4D05-8B31-A604FE4522D1}.Debug|Any CPU.Build.0 = Debug|Any CPU
		{5996E959-7D04-4D05-8B31-A604FE4522D1}.Release|Any CPU.ActiveCfg = Release|Any CPU
		{5996E959-7D04-4D05-8B31-A604FE4522D1}.Release|Any CPU.Build.0 = Release|Any CPU
	EndGlobalSection
	GlobalSection(SolutionProperties) = preSolution
		HideSolutionNode = FALSE
	EndGlobalSection
	GlobalSection(ExtensibilityGlobals) = postSolution
		SolutionGuid = {7021EE43-2662-42F1-823D-935EEF21954E}
	EndGlobalSection
EndGlobal
